
Microsoft Visual Studio Solution File, Format Version 12.00
# Visual Studio 15
VisualStudioVersion = 15.0.28307.1062
MinimumVisualStudioVersion = 10.0.40219.1
Project("{FAE04EC0-301F-11D3-BF4B-00C04F79EFBC}") = "AutomatedCostAllocation", "AutomatedCostAllocation\AutomatedCostAllocation.csproj", "{40A341AF-DBCF-4692-81B1-28E1B1F6999E}"
EndProject
Global
	GlobalSection(SolutionConfigurationPlatforms) = preSolution
		Debug|Any CPU = Debug|Any CPU
		Release|Any CPU = Release|Any CPU
	EndGlobalSection
	GlobalSection(ProjectConfigurationPlatforms) = postSolution
		{40A341AF-DBCF-4692-81B1-28E1B1F6999E}.Debug|Any CPU.ActiveCfg = Debug|Any CPU
		{40A341AF-DBCF-4692-81B1-28E1B1F6999E}.Debug|Any CPU.Build.0 = Debug|Any CPU
		{40A341AF-DBCF-4692-81B1-28E1B1F6999E}.Release|Any CPU.ActiveCfg = Release|Any CPU
		{40A341AF-DBCF-4692-81B1-28E1B1F6999E}.Release|Any CPU.Build.0 = Release|Any CPU
	EndGlobalSection
	GlobalSection(SolutionProperties) = preSolution
		HideSolutionNode = FALSE
	EndGlobalSection
	GlobalSection(ExtensibilityGlobals) = postSolution
		SolutionGuid = {847F62C2-93E9-4985-AA65-29218B2711C5}
	EndGlobalSection
EndGlobal
